// !$*UTF8*$!
{
	archiveVersion = 1;
	classes = {
	};
	objectVersion = 46;
	objects = {

/* Begin PBXBuildFile section */
		52403BD81C840AF8003D7EE9 /* AppDelegate.swift in Sources */ = {isa = PBXBuildFile; fileRef = 52403BD71C840AF8003D7EE9 /* AppDelegate.swift */; };
		52403BDA1C840AF8003D7EE9 /* ViewController.swift in Sources */ = {isa = PBXBuildFile; fileRef = 52403BD91C840AF8003D7EE9 /* ViewController.swift */; };
		52403BDD1C840AF8003D7EE9 /* Main.storyboard in Resources */ = {isa = PBXBuildFile; fileRef = 52403BDB1C840AF8003D7EE9 /* Main.storyboard */; };
		52403BDF1C840AF8003D7EE9 /* Assets.xcassets in Resources */ = {isa = PBXBuildFile; fileRef = 52403BDE1C840AF8003D7EE9 /* Assets.xcassets */; };
		52403BE21C840AF8003D7EE9 /* LaunchScreen.storyboard in Resources */ = {isa = PBXBuildFile; fileRef = 52403BE01C840AF8003D7EE9 /* LaunchScreen.storyboard */; };
		52403BEA1C8528FC003D7EE9 /* Constants.swift in Sources */ = {isa = PBXBuildFile; fileRef = 52403BE91C8528FC003D7EE9 /* Constants.swift */; };
		52403BEF1C852D90003D7EE9 /* CurrentWeather.swift in Sources */ = {isa = PBXBuildFile; fileRef = 52403BEE1C852D90003D7EE9 /* CurrentWeather.swift */; };
		52403BF51C85DBEC003D7EE9 /* MaterialDesignUIView.swift in Sources */ = {isa = PBXBuildFile; fileRef = 52403BF41C85DBEC003D7EE9 /* MaterialDesignUIView.swift */; };
		52403BF71C85DC7A003D7EE9 /* MaterialDesignTextField.swift in Sources */ = {isa = PBXBuildFile; fileRef = 52403BF61C85DC7A003D7EE9 /* MaterialDesignTextField.swift */; };
		52403BFB1C85E791003D7EE9 /* Extensions.swift in Sources */ = {isa = PBXBuildFile; fileRef = 52403BFA1C85E791003D7EE9 /* Extensions.swift */; };
		52403BFD1C880414003D7EE9 /* FutureWeather.swift in Sources */ = {isa = PBXBuildFile; fileRef = 52403BFC1C880413003D7EE9 /* FutureWeather.swift */; };
		52403BFF1C88C84C003D7EE9 /* AFDateExtension.swift in Sources */ = {isa = PBXBuildFile; fileRef = 52403BFE1C88C84C003D7EE9 /* AFDateExtension.swift */; };
		5A477436CB466D042AAC2B95 /* Pods.framework in Frameworks */ = {isa = PBXBuildFile; fileRef = 129FADCF2A1EE5DAEEB3793C /* Pods.framework */; };
/* End PBXBuildFile section */

/* Begin PBXFileReference section */
		129FADCF2A1EE5DAEEB3793C /* Pods.framework */ = {isa = PBXFileReference; explicitFileType = wrapper.framework; includeInIndex = 0; path = Pods.framework; sourceTree = BUILT_PRODUCTS_DIR; };
		3D29FFD4650E7019C515A6D8 /* Pods.release.xcconfig */ = {isa = PBXFileReference; includeInIndex = 1; lastKnownFileType = text.xcconfig; name = Pods.release.xcconfig; path = "Pods/Target Support Files/Pods/Pods.release.xcconfig"; sourceTree = "<group>"; };
		52403BD41C840AF8003D7EE9 /* WeatherAppStormy.app */ = {isa = PBXFileReference; explicitFileType = wrapper.application; includeInIndex = 0; path = WeatherAppStormy.app; sourceTree = BUILT_PRODUCTS_DIR; };
		52403BD71C840AF8003D7EE9 /* AppDelegate.swift */ = {isa = PBXFileReference; lastKnownFileType = sourcecode.swift; path = AppDelegate.swift; sourceTree = "<group>"; };
		52403BD91C840AF8003D7EE9 /* ViewController.swift */ = {isa = PBXFileReference; lastKnownFileType = sourcecode.swift; path = ViewController.swift; sourceTree = "<group>"; };
		52403BDC1C840AF8003D7EE9 /* Base */ = {isa = PBXFileReference; lastKnownFileType = file.storyboard; name = Base; path = Base.lproj/Main.storyboard; sourceTree = "<group>"; };
		52403BDE1C840AF8003D7EE9 /* Assets.xcassets */ = {isa = PBXFileReference; lastKnownFileType = folder.assetcatalog; path = Assets.xcassets; sourceTree = "<group>"; };
		52403BE11C840AF8003D7EE9 /* Base */ = {isa = PBXFileReference; lastKnownFileType = file.storyboard; name = Base; path = Base.lproj/LaunchScreen.storyboard; sourceTree = "<group>"; };
		52403BE31C840AF8003D7EE9 /* Info.plist */ = {isa = PBXFileReference; lastKnownFileType = text.plist.xml; path = Info.plist; sourceTree = "<group>"; };
		52403BE91C8528FC003D7EE9 /* Constants.swift */ = {isa = PBXFileReference; fileEncoding = 4; lastKnownFileType = sourcecode.swift; path = Constants.swift; sourceTree = "<group>"; };
		52403BEE1C852D90003D7EE9 /* CurrentWeather.swift */ = {isa = PBXFileReference; fileEncoding = 4; lastKnownFileType = sourcecode.swift; path = CurrentWeather.swift; sourceTree = "<group>"; };
		52403BF41C85DBEC003D7EE9 /* MaterialDesignUIView.swift */ = {isa = PBXFileReference; fileEncoding = 4; lastKnownFileType = sourcecode.swift; path = MaterialDesignUIView.swift; sourceTree = "<group>"; };
		52403BF61C85DC7A003D7EE9 /* MaterialDesignTextField.swift */ = {isa = PBXFileReference; fileEncoding = 4; lastKnownFileType = sourcecode.swift; path = MaterialDesignTextField.swift; sourceTree = "<group>"; };
		52403BFA1C85E791003D7EE9 /* Extensions.swift */ = {isa = PBXFileReference; fileEncoding = 4; lastKnownFileType = sourcecode.swift; path = Extensions.swift; sourceTree = "<group>"; };
		52403BFC1C880413003D7EE9 /* FutureWeather.swift */ = {isa = PBXFileReference; fileEncoding = 4; lastKnownFileType = sourcecode.swift; path = FutureWeather.swift; sourceTree = "<group>"; };
		52403BFE1C88C84C003D7EE9 /* AFDateExtension.swift */ = {isa = PBXFileReference; fileEncoding = 4; lastKnownFileType = sourcecode.swift; path = AFDateExtension.swift; sourceTree = "<group>"; };
		D9362CBCF69A851E0DE3D3BD /* Pods.debug.xcconfig */ = {isa = PBXFileReference; includeInIndex = 1; lastKnownFileType = text.xcconfig; name = Pods.debug.xcconfig; path = "Pods/Target Support Files/Pods/Pods.debug.xcconfig"; sourceTree = "<group>"; };
/* End PBXFileReference section */

/* Begin PBXFrameworksBuildPhase section */
		52403BD11C840AF7003D7EE9 /* Frameworks */ = {
			isa = PBXFrameworksBuildPhase;
			buildActionMask = 2147483647;
			files = (
				5A477436CB466D042AAC2B95 /* Pods.framework in Frameworks */,
			);
			runOnlyForDeploymentPostprocessing = 0;
		};
/* End PBXFrameworksBuildPhase section */

/* Begin PBXGroup section */
		4AF8015A213510C57223C459 /* Frameworks */ = {
			isa = PBXGroup;
			children = (
				129FADCF2A1EE5DAEEB3793C /* Pods.framework */,
			);
			name = Frameworks;
			sourceTree = "<group>";
		};
		52403BCB1C840AF7003D7EE9 = {
			isa = PBXGroup;
			children = (
				52403BD61C840AF8003D7EE9 /* WeatherAppStormy */,
				52403BD51C840AF8003D7EE9 /* Products */,
				E728DD3BEB15B4E9B2F99FEC /* Pods */,
				4AF8015A213510C57223C459 /* Frameworks */,
			);
			sourceTree = "<group>";
		};
		52403BD51C840AF8003D7EE9 /* Products */ = {
			isa = PBXGroup;
			children = (
				52403BD41C840AF8003D7EE9 /* WeatherAppStormy.app */,
			);
			name = Products;
			sourceTree = "<group>";
		};
		52403BD61C840AF8003D7EE9 /* WeatherAppStormy */ = {
			isa = PBXGroup;
			children = (
				52403C001C88C855003D7EE9 /* Extensions */,
				52403BED1C852C78003D7EE9 /* Model */,
				52403BEC1C852C74003D7EE9 /* View */,
				52403BEB1C852C6D003D7EE9 /* Controller */,
				52403BD71C840AF8003D7EE9 /* AppDelegate.swift */,
				52403BE91C8528FC003D7EE9 /* Constants.swift */,
				52403BDB1C840AF8003D7EE9 /* Main.storyboard */,
				52403BDE1C840AF8003D7EE9 /* Assets.xcassets */,
				52403BE01C840AF8003D7EE9 /* LaunchScreen.storyboard */,
				52403BE31C840AF8003D7EE9 /* Info.plist */,
			);
			path = WeatherAppStormy;
			sourceTree = "<group>";
		};
		52403BEB1C852C6D003D7EE9 /* Controller */ = {
			isa = PBXGroup;
			children = (
				52403BD91C840AF8003D7EE9 /* ViewController.swift */,
			);
			name = Controller;
			sourceTree = "<group>";
		};
		52403BEC1C852C74003D7EE9 /* View */ = {
			isa = PBXGroup;
			children = (
				52403BF41C85DBEC003D7EE9 /* MaterialDesignUIView.swift */,
				52403BF61C85DC7A003D7EE9 /* MaterialDesignTextField.swift */,
			);
			name = View;
			sourceTree = "<group>";
		};
		52403BED1C852C78003D7EE9 /* Model */ = {
			isa = PBXGroup;
			children = (
				52403BEE1C852D90003D7EE9 /* CurrentWeather.swift */,
				52403BFC1C880413003D7EE9 /* FutureWeather.swift */,
			);
			name = Model;
			sourceTree = "<group>";
		};
		52403C001C88C855003D7EE9 /* Extensions */ = {
			isa = PBXGroup;
			children = (
				52403BFA1C85E791003D7EE9 /* Extensions.swift */,
				52403BFE1C88C84C003D7EE9 /* AFDateExtension.swift */,
			);
			name = Extensions;
			sourceTree = "<group>";
		};
		E728DD3BEB15B4E9B2F99FEC /* Pods */ = {
			isa = PBXGroup;
			children = (
				D9362CBCF69A851E0DE3D3BD /* Pods.debug.xcconfig */,
				3D29FFD4650E7019C515A6D8 /* Pods.release.xcconfig */,
			);
			name = Pods;
			sourceTree = "<group>";
		};
/* End PBXGroup section */

/* Begin PBXNativeTarget section */
		52403BD31C840AF7003D7EE9 /* WeatherAppStormy */ = {
			isa = PBXNativeTarget;
			buildConfigurationList = 52403BE61C840AF8003D7EE9 /* Build configuration list for PBXNativeTarget "WeatherAppStormy" */;
			buildPhases = (
				AD72C77D39586D5BBB8CED48 /* Check Pods Manifest.lock */,
				52403BD01C840AF7003D7EE9 /* Sources */,
				52403BD11C840AF7003D7EE9 /* Frameworks */,
				52403BD21C840AF7003D7EE9 /* Resources */,
				BF15B4EDF4971F49F44AE609 /* Embed Pods Frameworks */,
				5A4D0D23F19DBB1E415A307F /* Copy Pods Resources */,
			);
			buildRules = (
			);
			dependencies = (
			);
			name = WeatherAppStormy;
			productName = WeatherAppStormy;
			productReference = 52403BD41C840AF8003D7EE9 /* WeatherAppStormy.app */;
			productType = "com.apple.product-type.application";
		};
/* End PBXNativeTarget section */

/* Begin PBXProject section */
		52403BCC1C840AF7003D7EE9 /* Project object */ = {
			isa = PBXProject;
			attributes = {
				LastSwiftUpdateCheck = 0720;
				LastUpgradeCheck = 0720;
				ORGANIZATIONNAME = "Maciej Serwicki";
				TargetAttributes = {
					52403BD31C840AF7003D7EE9 = {
						CreatedOnToolsVersion = 7.2.1;
					};
				};
			};
			buildConfigurationList = 52403BCF1C840AF7003D7EE9 /* Build configuration list for PBXProject "WeatherAppStormy" */;
			compatibilityVersion = "Xcode 3.2";
			developmentRegion = English;
			hasScannedForEncodings = 0;
			knownRegions = (
				en,
				Base,
			);
			mainGroup = 52403BCB1C840AF7003D7EE9;
			productRefGroup = 52403BD51C840AF8003D7EE9 /* Products */;
			projectDirPath = "";
			projectRoot = "";
			targets = (
				52403BD31C840AF7003D7EE9 /* WeatherAppStormy */,
			);
		};
/* End PBXProject section */

/* Begin PBXResourcesBuildPhase section */
		52403BD21C840AF7003D7EE9 /* Resources */ = {
			isa = PBXResourcesBuildPhase;
			buildActionMask = 2147483647;
			files = (
				52403BE21C840AF8003D7EE9 /* LaunchScreen.storyboard in Resources */,
				52403BDF1C840AF8003D7EE9 /* Assets.xcassets in Resources */,
				52403BDD1C840AF8003D7EE9 /* Main.storyboard in Resources */,
			);
			runOnlyForDeploymentPostprocessing = 0;
		};
/* End PBXResourcesBuildPhase section */

/* Begin PBXShellScriptBuildPhase section */
		5A4D0D23F19DBB1E415A307F /* Copy Pods Resources */ = {
			isa = PBXShellScriptBuildPhase;
			buildActionMask = 2147483647;
			files = (
			);
			inputPaths = (
			);
			name = "Copy Pods Resources";
			outputPaths = (
			);
			runOnlyForDeploymentPostprocessing = 0;
			shellPath = /bin/sh;
			shellScript = "\"${SRCROOT}/Pods/Target Support Files/Pods/Pods-resources.sh\"\n";
			showEnvVarsInLog = 0;
		};
		AD72C77D39586D5BBB8CED48 /* Check Pods Manifest.lock */ = {
			isa = PBXShellScriptBuildPhase;
			buildActionMask = 2147483647;
			files = (
			);
			inputPaths = (
			);
			name = "Check Pods Manifest.lock";
			outputPaths = (
			);
			runOnlyForDeploymentPostprocessing = 0;
			shellPath = /bin/sh;
			shellScript = "diff \"${PODS_ROOT}/../Podfile.lock\" \"${PODS_ROOT}/Manifest.lock\" > /dev/null\nif [[ $? != 0 ]] ; then\n    cat << EOM\nerror: The sandbox is not in sync with the Podfile.lock. Run 'pod install' or update your CocoaPods installation.\nEOM\n    exit 1\nfi\n";
			showEnvVarsInLog = 0;
		};
		BF15B4EDF4971F49F44AE609 /* Embed Pods Frameworks */ = {
			isa = PBXShellScriptBuildPhase;
			buildActionMask = 2147483647;
			files = (
			);
			inputPaths = (
			);
			name = "Embed Pods Frameworks";
			outputPaths = (
			);
			runOnlyForDeploymentPostprocessing = 0;
			shellPath = /bin/sh;
			shellScript = "\"${SRCROOT}/Pods/Target Support Files/Pods/Pods-frameworks.sh\"\n";
			showEnvVarsInLog = 0;
		};
/* End PBXShellScriptBuildPhase section */

/* Begin PBXSourcesBuildPhase section */
		52403BD01C840AF7003D7EE9 /* Sources */ = {
			isa = PBXSourcesBuildPhase;
			buildActionMask = 2147483647;
			files = (
				52403BFD1C880414003D7EE9 /* FutureWeather.swift in Sources */,
				52403BF51C85DBEC003D7EE9 /* MaterialDesignUIView.swift in Sources */,
				52403BEF1C852D90003D7EE9 /* CurrentWeather.swift in Sources */,
				52403BFF1C88C84C003D7EE9 /* AFDateExtension.swift in Sources */,
				52403BDA1C840AF8003D7EE9 /* ViewController.swift in Sources */,
				52403BD81C840AF8003D7EE9 /* AppDelegate.swift in Sources */,
				52403BF71C85DC7A003D7EE9 /* MaterialDesignTextField.swift in Sources */,
				52403BEA1C8528FC003D7EE9 /* Constants.swift in Sources */,
				52403BFB1C85E791003D7EE9 /* Extensions.swift in Sources */,
			);
			runOnlyForDeploymentPostprocessing = 0;
		};
/* End PBXSourcesBuildPhase section */

/* Begin PBXVariantGroup section */
		52403BDB1C840AF8003D7EE9 /* Main.storyboard */ = {
			isa = PBXVariantGroup;
			children = (
				52403BDC1C840AF8003D7EE9 /* Base */,
			);
			name = Main.storyboard;
			sourceTree = "<group>";
		};
		52403BE01C840AF8003D7EE9 /* LaunchScreen.storyboard */ = {
			isa = PBXVariantGroup;
			children = (
				52403BE11C840AF8003D7EE9 /* Base */,
			);
			name = LaunchScreen.storyboard;
			sourceTree = "<group>";
		};
/* End PBXVariantGroup section */

/* Begin XCBuildConfiguration section */
		52403BE41C840AF8003D7EE9 /* Debug */ = {
			isa = XCBuildConfiguration;
			buildSettings = {
				ALWAYS_SEARCH_USER_PATHS = NO;
				CLANG_CXX_LANGUAGE_STANDARD = "gnu++0x";
				CLANG_CXX_LIBRARY = "libc++";
				CLANG_ENABLE_MODULES = YES;
				CLANG_ENABLE_OBJC_ARC = YES;
				CLANG_WARN_BOOL_CONVERSION = YES;
				CLANG_WARN_CONSTANT_CONVERSION = YES;
				CLANG_WARN_DIRECT_OBJC_ISA_USAGE = YES_ERROR;
				CLANG_WARN_EMPTY_BODY = YES;
				CLANG_WARN_ENUM_CONVERSION = YES;
				CLANG_WARN_INT_CONVERSION = YES;
				CLANG_WARN_OBJC_ROOT_CLASS = YES_ERROR;
				CLANG_WARN_UNREACHABLE_CODE = YES;
				CLANG_WARN__DUPLICATE_METHOD_MATCH = YES;
				"CODE_SIGN_IDENTITY[sdk=iphoneos*]" = "iPhone Developer";
				COPY_PHASE_STRIP = NO;
				DEBUG_INFORMATION_FORMAT = dwarf;
				ENABLE_STRICT_OBJC_MSGSEND = YES;
				ENABLE_TESTABILITY = YES;
				GCC_C_LANGUAGE_STANDARD = gnu99;
				GCC_DYNAMIC_NO_PIC = NO;
				GCC_NO_COMMON_BLOCKS = YES;
				GCC_OPTIMIZATION_LEVEL = 0;
				GCC_PREPROCESSOR_DEFINITIONS = (
					"DEBUG=1",
					"$(inherited)",
				);
				GCC_WARN_64_TO_32_BIT_CONVERSION = YES;
				GCC_WARN_ABOUT_RETURN_TYPE = YES_ERROR;
				GCC_WARN_UNDECLARED_SELECTOR = YES;
				GCC_WARN_UNINITIALIZED_AUTOS = YES_AGGRESSIVE;
				GCC_WARN_UNUSED_FUNCTION = YES;
				GCC_WARN_UNUSED_VARIABLE = YES;
				IPHONEOS_DEPLOYMENT_TARGET = 9.2;
				MTL_ENABLE_DEBUG_INFO = YES;
				ONLY_ACTIVE_ARCH = YES;
				SDKROOT = iphoneos;
				SWIFT_OPTIMIZATION_LEVEL = "-Onone";
			};
			name = Debug;
		};
		52403BE51C840AF8003D7EE9 /* Release */ = {
			isa = XCBuildConfiguration;
			buildSettings = {
				ALWAYS_SEARCH_USER_PATHS = NO;
				CLANG_CXX_LANGUAGE_STANDARD = "gnu++0x";
				CLANG_CXX_LIBRARY = "libc++";
				CLANG_ENABLE_MODULES = YES;
				CLANG_ENABLE_OBJC_ARC = YES;
				CLANG_WARN_BOOL_CONVERSION = YES;
				CLANG_WARN_CONSTANT_CONVERSION = YES;
				CLANG_WARN_DIRECT_OBJC_ISA_USAGE = YES_ERROR;
				CLANG_WARN_EMPTY_BODY = YES;
				CLANG_WARN_ENUM_CONVERSION = YES;
				CLANG_WARN_INT_CONVERSION = YES;
				CLANG_WARN_OBJC_ROOT_CLASS = YES_ERROR;
				CLANG_WARN_UNREACHABLE_CODE = YES;
				CLANG_WARN__DUPLICATE_METHOD_MATCH = YES;
				"CODE_SIGN_IDENTITY[sdk=iphoneos*]" = "iPhone Developer";
				COPY_PHASE_STRIP = NO;
				DEBUG_INFORMATION_FORMAT = "dwarf-with-dsym";
				ENABLE_NS_ASSERTIONS = NO;
				ENABLE_STRICT_OBJC_MSGSEND = YES;
				GCC_C_LANGUAGE_STANDARD = gnu99;
				GCC_NO_COMMON_BLOCKS = YES;
				GCC_WARN_64_TO_32_BIT_CONVERSION = YES;
				GCC_WARN_ABOUT_RETURN_TYPE = YES_ERROR;
				GCC_WARN_UNDECLARED_SELECTOR = YES;
				GCC_WARN_UNINITIALIZED_AUTOS = YES_AGGRESSIVE;
				GCC_WARN_UNUSED_FUNCTION = YES;
				GCC_WARN_UNUSED_VARIABLE = YES;
				IPHONEOS_DEPLOYMENT_TARGET = 9.2;
				MTL_ENABLE_DEBUG_INFO = NO;
				SDKROOT = iphoneos;
				VALIDATE_PRODUCT = YES;
			};
			name = Release;
		};
		52403BE71C840AF8003D7EE9 /* Debug */ = {
			isa = XCBuildConfiguration;
			baseConfigurationReference = D9362CBCF69A851E0DE3D3BD /* Pods.debug.xcconfig */;
			buildSettings = {
				ASSETCATALOG_COMPILER_APPICON_NAME = AppIcon;
				INFOPLIST_FILE = WeatherAppStormy/Info.plist;
				LD_RUNPATH_SEARCH_PATHS = "$(inherited) @executable_path/Frameworks";
				PRODUCT_BUNDLE_IDENTIFIER = com.goviapps.WeatherAppStormy;
				PRODUCT_NAME = "$(TARGET_NAME)";
			};
			name = Debug;
		};
		52403BE81C840AF8003D7EE9 /* Release */ = {
			isa = XCBuildConfiguration;
			baseConfigurationReference = 3D29FFD4650E7019C515A6D8 /* Pods.release.xcconfig */;
			buildSettings = {
				ASSETCATALOG_COMPILER_APPICON_NAME = AppIcon;
				INFOPLIST_FILE = WeatherAppStormy/Info.plist;
				LD_RUNPATH_SEARCH_PATHS = "$(inherited) @executable_path/Frameworks";
				PRODUCT_BUNDLE_IDENTIFIER = com.goviapps.WeatherAppStormy;
				PRODUCT_NAME = "$(TARGET_NAME)";
			};
			name = Release;
		};
/* End XCBuildConfiguration section */

/* Begin XCConfigurationList section */
		52403BCF1C840AF7003D7EE9 /* Build configuration list for PBXProject "WeatherAppStormy" */ = {
			isa = XCConfigurationList;
			buildConfigurations = (
				52403BE41C840AF8003D7EE9 /* Debug */,
				52403BE51C840AF8003D7EE9 /* Release */,
			);
			defaultConfigurationIsVisible = 0;
			defaultConfigurationName = Release;
		};
		52403BE61C840AF8003D7EE9 /* Build configuration list for PBXNativeTarget "WeatherAppStormy" */ = {
			isa = XCConfigurationList;
			buildConfigurations = (
				52403BE71C840AF8003D7EE9 /* Debug */,
				52403BE81C840AF8003D7EE9 /* Release */,
			);
			defaultConfigurationIsVisible = 0;
			defaultConfigurationName = Release;
		};
/* End XCConfigurationList section */
	};
	rootObject = 52403BCC1C840AF7003D7EE9 /* Project object */;
}
